
Microsoft Visual Studio Solution File, Format Version 12.00
# Visual Studio Version 17
VisualStudioVersion = 17.8.34330.188
MinimumVisualStudioVersion = 10.0.40219.1
Project("{9A19103F-16F7-4668-BE54-9A1E7A4F7556}") = "ConsoleApp1", "ConsoleApp1\ConsoleApp1.csproj", "{C6EA3498-5908-4C29-BBFC-233AB8A0CAF3}"
EndProject
Global
	GlobalSection(SolutionConfigurationPlatforms) = preSolution
		Debug|Any CPU = Debug|Any CPU
		Release|Any CPU = Release|Any CPU
	EndGlobalSection
	GlobalSection(ProjectConfigurationPlatforms) = postSolution
		{C6EA3498-5908-4C29-BBFC-233AB8A0CAF3}.Debug|Any CPU.ActiveCfg = Debug|Any CPU
		{C6EA3498-5908-4C29-BBFC-233AB8A0CAF3}.Debug|Any CPU.Build.0 = Debug|Any CPU
		{C6EA3498-5908-4C29-BBFC-233AB8A0CAF3}.Release|Any CPU.ActiveCfg = Release|Any CPU
		{C6EA3498-5908-4C29-BBFC-233AB8A0CAF3}.Release|Any CPU.Build.0 = Release|Any CPU
	EndGlobalSection
	GlobalSection(SolutionProperties) = preSolution
		HideSolutionNode = FALSE
	EndGlobalSection
	GlobalSection(ExtensibilityGlobals) = postSolution
		SolutionGuid = {E82F3D03-B3B3-4412-9CA5-DCC579AB44E8}
	EndGlobalSection
EndGlobal
